Microsoft Visual Studio Solution File, Format Version 12.00
# Visual Studio Version 17
VisualStudioVersion = 17.1.32210.238
MinimumVisualStudioVersion = 10.0.40219.1
Project("{9A19103F-16F7-4668-BE54-9A1E7A4F7556}") = "Opc.Ua.Core", "Stack\Opc.Ua.Core\Opc.Ua.Core.csproj", "{84FE2F0A-4192-4D2C-8097-9C396C2375E8}"
EndProject
Project("{9A19103F-16F7-4668-BE54-9A1E7A4F7556}") = "Opc.Ua.Configuration", "Libraries\Opc.Ua.Configuration\Opc.Ua.Configuration.csproj", "{63BEB4B6-E96D-478E-B41D-B42CED6F8E7B}"
EndProject
Project("{9A19103F-16F7-4668-BE54-9A1E7A4F7556}") = "Opc.Ua.Client", "Libraries\Opc.Ua.Client\Opc.Ua.Client.csproj", "{DCA9C101-199F-4519-9F97-4CD22817EBE8}"
EndProject
Project("{9A19103F-16F7-4668-BE54-9A1E7A4F7556}") = "Opc.Ua.Client.ComplexTypes", "Libraries\Opc.Ua.Client.ComplexTypes\Opc.Ua.Client.ComplexTypes.csproj", "{DF09806C-8A26-49C8-8AE9-256708F35473}"
EndProject
Project("{2150E333-8FDC-42A3-9474-1A3956D46DE8}") = "Solution Items", "Solution Items", "{0152A569-8287-4E49-9F02-E27FD700B719}"
	ProjectSection(SolutionItems) = preProject
		.editorconfig = .editorconfig
		azure-pipelines-preview.yml = azure-pipelines-preview.yml
		azure-pipelines.yml = azure-pipelines.yml
		Tests\benchmarks.cmd = Tests\benchmarks.cmd
		Tests\codecoverage.cmd = Tests\codecoverage.cmd
		Tests\codecoverage.sh = Tests\codecoverage.sh
		common.props = common.props
		Tests\coverlet.runsettings.xml = Tests\coverlet.runsettings.xml
		Directory.Build.props = Directory.Build.props
		lgtm.yml = lgtm.yml
		targets.props = targets.props
		version.json = version.json
		version.props = version.props
	EndProjectSection
EndProject
Project("{2150E333-8FDC-42A3-9474-1A3956D46DE8}") = "nuget", "nuget", "{F69ABCC3-ED93-446B-AC70-D6AA5F047781}"
	ProjectSection(SolutionItems) = preProject
		nuget\Opc.Ua.Client.ComplexTypes.Symbols.nuspec = nuget\Opc.Ua.Client.ComplexTypes.Symbols.nuspec
		nuget\Opc.Ua.nuspec = nuget\Opc.Ua.nuspec
		nuget\Opc.Ua.Symbols.nuspec = nuget\Opc.Ua.Symbols.nuspec
	EndProjectSection
EndProject
Project("{2150E333-8FDC-42A3-9474-1A3956D46DE8}") = "azurepipelines", "azurepipelines", "{1C25BE72-C337-42AE-9F7C-D6B45F7B7079}"
	ProjectSection(SolutionItems) = preProject
		.azurepipelines\ci.yml = .azurepipelines\ci.yml
		.azurepipelines\get-matrix.ps1 = .azurepipelines\get-matrix.ps1
		.azurepipelines\get-root.ps1 = .azurepipelines\get-root.ps1
		.azurepipelines\get-version.ps1 = .azurepipelines\get-version.ps1
		.azurepipelines\preview.yml = .azurepipelines\preview.yml
		.azurepipelines\set-version.ps1 = .azurepipelines\set-version.ps1
		.azurepipelines\sln.yml = .azurepipelines\sln.yml
		.azurepipelines\test.yml = .azurepipelines\test.yml
		.azurepipelines\testcc.yml = .azurepipelines\testcc.yml
	EndProjectSection
EndProject
Project("{9A19103F-16F7-4668-BE54-9A1E7A4F7556}") = "Opc.Ua.Security.Certificates", "Libraries\Opc.Ua.Security.Certificates\Opc.Ua.Security.Certificates.csproj", "{484FB34A-4DCF-4F63-976B-C00F0230BE28}"
EndProject
Project("{2150E333-8FDC-42A3-9474-1A3956D46DE8}") = "Libraries", "Libraries", "{4D6FF413-CA8A-4A1F-87B0-4A95FC3894D3}"
EndProject
Project("{2150E333-8FDC-42A3-9474-1A3956D46DE8}") = "Stack", "Stack", "{12710D16-90C2-44B1-8B62-8046C1023055}"
EndProject
Global
	GlobalSection(SolutionConfigurationPlatforms) = preSolution
		Debug|Any CPU = Debug|Any CPU
		Release|Any CPU = Release|Any CPU
	EndGlobalSection
	GlobalSection(ProjectConfigurationPlatforms) = postSolution
		{84FE2F0A-4192-4D2C-8097-9C396C2375E8}.Debug|Any CPU.ActiveCfg = Debug|Any CPU
		{84FE2F0A-4192-4D2C-8097-9C396C2375E8}.Debug|Any CPU.Build.0 = Debug|Any CPU
		{84FE2F0A-4192-4D2C-8097-9C396C2375E8}.Release|Any CPU.ActiveCfg = Release|Any CPU
		{84FE2F0A-4192-4D2C-8097-9C396C2375E8}.Release|Any CPU.Build.0 = Release|Any CPU
		{63BEB4B6-E96D-478E-B41D-B42CED6F8E7B}.Debug|Any CPU.ActiveCfg = Debug|Any CPU
		{63BEB4B6-E96D-478E-B41D-B42CED6F8E7B}.Debug|Any CPU.Build.0 = Debug|Any CPU
		{63BEB4B6-E96D-478E-B41D-B42CED6F8E7B}.Release|Any CPU.ActiveCfg = Release|Any CPU
		{63BEB4B6-E96D-478E-B41D-B42CED6F8E7B}.Release|Any CPU.Build.0 = Release|Any CPU
		{DCA9C101-199F-4519-9F97-4CD22817EBE8}.Debug|Any CPU.ActiveCfg = Debug|Any CPU
		{DCA9C101-199F-4519-9F97-4CD22817EBE8}.Debug|Any CPU.Build.0 = Debug|Any CPU
		{DCA9C101-199F-4519-9F97-4CD22817EBE8}.Release|Any CPU.ActiveCfg = Release|Any CPU
		{DCA9C101-199F-4519-9F97-4CD22817EBE8}.Release|Any CPU.Build.0 = Release|Any CPU
		{DF09806C-8A26-49C8-8AE9-256708F35473}.Debug|Any CPU.ActiveCfg = Debug|Any CPU
		{DF09806C-8A26-49C8-8AE9-256708F35473}.Debug|Any CPU.Build.0 = Debug|Any CPU
		{DF09806C-8A26-49C8-8AE9-256708F35473}.Release|Any CPU.ActiveCfg = Release|Any CPU
		{DF09806C-8A26-49C8-8AE9-256708F35473}.Release|Any CPU.Build.0 = Release|Any CPU
		{484FB34A-4DCF-4F63-976B-C00F0230BE28}.Debug|Any CPU.ActiveCfg = Debug|Any CPU
		{484FB34A-4DCF-4F63-976B-C00F0230BE28}.Debug|Any CPU.Build.0 = Debug|Any CPU
		{484FB34A-4DCF-4F63-976B-C00F0230BE28}.Release|Any CPU.ActiveCfg = Release|Any CPU
		{484FB34A-4DCF-4F63-976B-C00F0230BE28}.Release|Any CPU.Build.0 = Release|Any CPU
	EndGlobalSection
	GlobalSection(SolutionProperties) = preSolution
		HideSolutionNode = FALSE
	EndGlobalSection
	GlobalSection(NestedProjects) = preSolution
		{84FE2F0A-4192-4D2C-8097-9C396C2375E8} = {12710D16-90C2-44B1-8B62-8046C1023055}
		{63BEB4B6-E96D-478E-B41D-B42CED6F8E7B} = {4D6FF413-CA8A-4A1F-87B0-4A95FC3894D3}
		{DCA9C101-199F-4519-9F97-4CD22817EBE8} = {4D6FF413-CA8A-4A1F-87B0-4A95FC3894D3}
		{DF09806C-8A26-49C8-8AE9-256708F35473} = {4D6FF413-CA8A-4A1F-87B0-4A95FC3894D3}
		{F69ABCC3-ED93-446B-AC70-D6AA5F047781} = {0152A569-8287-4E49-9F02-E27FD700B719}
		{1C25BE72-C337-42AE-9F7C-D6B45F7B7079} = {0152A569-8287-4E49-9F02-E27FD700B719}
		{484FB34A-4DCF-4F63-976B-C00F0230BE28} = {12710D16-90C2-44B1-8B62-8046C1023055}
	EndGlobalSection
	GlobalSection(ExtensibilityGlobals) = postSolution
		SolutionGuid = {EA3AA3AE-CE8A-4DF1-BED8-CA0BAFC87303}
	EndGlobalSection
EndGlobal
